<?xml version="1.0" encoding="utf-8"?>
<Project ToolsVersion="4.0" xmlns="http://schemas.microsoft.com/developer/msbuild/2003">
  <ItemGroup>
    <Filter Include="Source Files">
      <UniqueIdentifier>{4FC737F1-C7A5-4376-A066-2A32D752A2FF}</UniqueIdentifier>
      <Extensions>cpp;c;cc;cxx;def;odl;idl;hpj;bat;asm;asmx</Extensions>
    </Filter>
    <Filter Include="Header Files">
      <UniqueIdentifier>{93995380-89BD-4b04-88EB-625FBE52EBFB}</UniqueIdentifier>
      <Extensions>h;hh;hpp;hxx;hm;inl;inc;xsd</Extensions>
    </Filter>
    <Filter Include="Resource Files">
      <UniqueIdentifier>{67DA6AB6-F800-4c08-8B7A-83BB121AAD01}</UniqueIdentifier>
      <Extensions>rc;ico;cur;bmp;dlg;rc2;rct;bin;rgs;gif;jpg;jpeg;jpe;resx;tiff;tif;png;wav;mfcribbon-ms</Extensions>
    </Filter>
    <Filter Include="Source Files\Net connection">
      <UniqueIdentifier>{7b3c778f-8ba5-49d4-b4e8-ba75568287b1}</UniqueIdentifier>
    </Filter>
    <Filter Include="Header Files\Net connection">
      <UniqueIdentifier>{3e85e989-e114-44fb-afc6-885a6db458ab}</UniqueIdentifier>
    </Filter>
    <Filter Include="Header Files\Net connection\Packages">
      <UniqueIdentifier>{a3f3dab7-32f7-412c-b875-941b12146814}</UniqueIdentifier>
    </Filter>
    <Filter Include="Source Files\Net connection\Packages">
      <UniqueIdentifier>{e06d91ce-012b-481c-86dc-6fc114b91d3d}</UniqueIdentifier>
    </Filter>
    <Filter Include="Resource Files\menu_data">
      <UniqueIdentifier>{41e95f83-9fae-49b4-b129-ab7bac862ecf}</UniqueIdentifier>
    </Filter>
    <Filter Include="Header Files\Gui">
      <UniqueIdentifier>{759d2b57-6b72-45ce-bdb7-e3aafe42ba80}</UniqueIdentifier>
    </Filter>
    <Filter Include="Source Files\Gui">
      <UniqueIdentifier>{85bc1891-5cf5-46e1-bf19-4050ba7316d5}</UniqueIdentifier>
    </Filter>
    <Filter Include="Source Files\Hanabi">
      <UniqueIdentifier>{c678ee18-ccec-4da7-8d32-e8f35b701c1a}</UniqueIdentifier>
    </Filter>
    <Filter Include="Header Files\Hanabi">
      <UniqueIdentifier>{430bec78-bedf-4c04-88b2-e2102c1d4e08}</UniqueIdentifier>
    </Filter>
    <Filter Include="Source Files\Net connection\Packages\REVISAR">
      <UniqueIdentifier>{43189455-9f08-4c45-8f2b-6a2558555a82}</UniqueIdentifier>
    </Filter>
  </ItemGroup>
  <ItemGroup>
    <ClCompile Include="Net connection\Client.cpp">
      <Filter>Source Files\Net connection</Filter>
    </ClCompile>
    <ClCompile Include="Net connection\Net_connection.cpp">
      <Filter>Source Files\Net connection</Filter>
    </ClCompile>
    <ClCompile Include="Net connection\Server.cpp">
      <Filter>Source Files\Net connection</Filter>
    </ClCompile>
    <ClCompile Include="Net connection\Packages\Package_ack.cpp">
      <Filter>Source Files\Net connection\Packages</Filter>
    </ClCompile>
    <ClCompile Include="Net connection\Packages\Package_error.cpp">
      <Filter>Source Files\Net connection\Packages</Filter>
    </ClCompile>
    <ClCompile Include="Net connection\Packages\Package_game_over.cpp">
      <Filter>Source Files\Net connection\Packages</Filter>
    </ClCompile>
    <ClCompile Include="Net connection\Packages\Package_hanabi.cpp">
      <Filter>Source Files\Net connection\Packages</Filter>
    </ClCompile>
    <ClCompile Include="Net connection\Packages\Package_match_is_over.cpp">
      <Filter>Source Files\Net connection\Packages</Filter>
    </ClCompile>
    <ClCompile Include="Net connection\Packages\Package_name.cpp">
      <Filter>Source Files\Net connection\Packages</Filter>
    </ClCompile>
    <ClCompile Include="Net connection\Packages\Package_play_again.cpp">
      <Filter>Source Files\Net connection\Packages</Filter>
    </ClCompile>
    <ClCompile Include="Net connection\Packages\Package_quit.cpp">
      <Filter>Source Files\Net connection\Packages</Filter>
    </ClCompile>
    <ClCompile Include="Net connection\Packages\Package_we_lost.cpp">
      <Filter>Source Files\Net connection\Packages</Filter>
    </ClCompile>
    <ClCompile Include="Net connection\Packages\Package_we_won.cpp">
      <Filter>Source Files\Net connection\Packages</Filter>
    </ClCompile>
    <ClCompile Include="Net connection\Packages\Package_you_start.cpp">
      <Filter>Source Files\Net connection\Packages</Filter>
    </ClCompile>
    <ClCompile Include="Gui\GuiActiveElement.cpp">
      <Filter>Source Files\Gui</Filter>
    </ClCompile>
    <ClCompile Include="Gui\GuiButton.cpp">
      <Filter>Source Files\Gui</Filter>
    </ClCompile>
    <ClCompile Include="Gui\GuiElement.cpp">
      <Filter>Source Files\Gui</Filter>
    </ClCompile>
    <ClCompile Include="Gui\GuiImage.cpp">
      <Filter>Source Files\Gui</Filter>
    </ClCompile>
    <ClCompile Include="Gui\GuiSubmenu.cpp">
      <Filter>Source Files\Gui</Filter>
    </ClCompile>
    <ClCompile Include="Gui\GuiText.cpp">
      <Filter>Source Files\Gui</Filter>
    </ClCompile>
    <ClCompile Include="Gui\Gui.cpp">
      <Filter>Source Files\Gui</Filter>
    </ClCompile>
    <ClCompile Include="main2.cpp">
      <Filter>Source Files</Filter>
    </ClCompile>
    <ClCompile Include="main.cpp">
      <Filter>Source Files</Filter>
    </ClCompile>
    <ClCompile Include="handle_menu.cpp">
      <Filter>Source Files</Filter>
    </ClCompile>
    <ClCompile Include="card.cpp">
      <Filter>Source Files\Hanabi</Filter>
    </ClCompile>
    <ClCompile Include="deck.cpp">
      <Filter>Source Files\Hanabi</Filter>
    </ClCompile>
    <ClCompile Include="handle_game.cpp">
      <Filter>Source Files</Filter>
    </ClCompile>
    <ClCompile Include="Net connection\Packages\Package_draw.cpp">
      <Filter>Source Files\Net connection\Packages\REVISAR</Filter>
    </ClCompile>
    <ClCompile Include="Net connection\Packages\Package_i_start.cpp">
      <Filter>Source Files\Net connection\Packages</Filter>
    </ClCompile>
    <ClCompile Include="Net connection\Packages\Package_name_is.cpp">
      <Filter>Source Files\Net connection\Packages</Filter>
    </ClCompile>
    <ClCompile Include="Net connection\Packages\Package_start_info.cpp">
      <Filter>Source Files\Net connection\Packages</Filter>
    </ClCompile>
    <ClCompile Include="Net connection\Packages\Package_you_have.cpp">
      <Filter>Source Files\Net connection\Packages</Filter>
    </ClCompile>
    <ClCompile Include="Net connection\Packages\Package_play.cpp">
      <Filter>Source Files\Net connection\Packages</Filter>
    </ClCompile>
    <ClCompile Include="Net connection\Packages\Package_discard.cpp">
      <Filter>Source Files\Net connection\Packages</Filter>
    </ClCompile>
    <ClCompile Include="card_skin.cpp">
      <Filter>Source Files</Filter>
    </ClCompile>
  </ItemGroup>
  <ItemGroup>
    <Xml Include="menu_data\connect_menu.xml">
      <Filter>Resource Files\menu_data</Filter>
    </Xml>
    <Xml Include="menu_data\hanabi_game_ui.xml">
      <Filter>Resource Files\menu_data</Filter>
    </Xml>
  </ItemGroup>
  <ItemGroup>
    <ClInclude Include="Net connection\Client.h">
      <Filter>Header Files\Net connection</Filter>
    </ClInclude>
    <ClInclude Include="Net connection\Net_connection.h">
      <Filter>Header Files\Net connection</Filter>
    </ClInclude>
    <ClInclude Include="Net connection\Server.h">
      <Filter>Header Files\Net connection</Filter>
    </ClInclude>
    <ClInclude Include="Net connection\Packages\card_hanabi.h">
      <Filter>Header Files\Net connection\Packages</Filter>
    </ClInclude>
    <ClInclude Include="Net connection\Packages\Package_ack.h">
      <Filter>Header Files\Net connection\Packages</Filter>
    </ClInclude>
    <ClInclude Include="Net connection\Packages\Package_discard.h">
      <Filter>Header Files\Net connection\Packages</Filter>
    </ClInclude>
    <ClInclude Include="Net connection\Packages\Package_draw.h">
      <Filter>Header Files\Net connection\Packages</Filter>
    </ClInclude>
    <ClInclude Include="Net connection\Packages\Package_error.h">
      <Filter>Header Files\Net connection\Packages</Filter>
    </ClInclude>
    <ClInclude Include="Net connection\Packages\Package_game_over.h">
      <Filter>Header Files\Net connection\Packages</Filter>
    </ClInclude>
    <ClInclude Include="Net connection\Packages\Package_hanabi.h">
      <Filter>Header Files\Net connection\Packages</Filter>
    </ClInclude>
    <ClInclude Include="Net connection\Packages\Package_i_start.h">
      <Filter>Header Files\Net connection\Packages</Filter>
    </ClInclude>
    <ClInclude Include="Net connection\Packages\Package_match_is_over.h">
      <Filter>Header Files\Net connection\Packages</Filter>
    </ClInclude>
    <ClInclude Include="Net connection\Packages\Package_name.h">
      <Filter>Header Files\Net connection\Packages</Filter>
    </ClInclude>
    <ClInclude Include="Net connection\Packages\Package_name_is.h">
      <Filter>Header Files\Net connection\Packages</Filter>
    </ClInclude>
    <ClInclude Include="Net connection\Packages\Package_play.h">
      <Filter>Header Files\Net connection\Packages</Filter>
    </ClInclude>
    <ClInclude Include="Net connection\Packages\Package_play_again.h">
      <Filter>Header Files\Net connection\Packages</Filter>
    </ClInclude>
    <ClInclude Include="Net connection\Packages\Package_quit.h">
      <Filter>Header Files\Net connection\Packages</Filter>
    </ClInclude>
    <ClInclude Include="Net connection\Packages\Package_start_info.h">
      <Filter>Header Files\Net connection\Packages</Filter>
    </ClInclude>
    <ClInclude Include="Net connection\Packages\Package_we_lost.h">
      <Filter>Header Files\Net connection\Packages</Filter>
    </ClInclude>
    <ClInclude Include="Net connection\Packages\Package_we_won.h">
      <Filter>Header Files\Net connection\Packages</Filter>
    </ClInclude>
    <ClInclude Include="Net connection\Packages\Package_you_have.h">
      <Filter>Header Files\Net connection\Packages</Filter>
    </ClInclude>
    <ClInclude Include="Net connection\Packages\Package_you_start.h">
      <Filter>Header Files\Net connection\Packages</Filter>
    </ClInclude>
    <ClInclude Include="Net connection\Packages\Packages.h">
      <Filter>Header Files\Net connection\Packages</Filter>
    </ClInclude>
    <ClInclude Include="Gui\GuiActiveElement.h">
      <Filter>Header Files\Gui</Filter>
    </ClInclude>
    <ClInclude Include="Gui\GuiButton.h">
      <Filter>Header Files\Gui</Filter>
    </ClInclude>
    <ClInclude Include="Gui\GuiElement.h">
      <Filter>Header Files\Gui</Filter>
    </ClInclude>
    <ClInclude Include="Gui\GuiImage.h">
      <Filter>Header Files\Gui</Filter>
    </ClInclude>
    <ClInclude Include="Gui\GuiSubmenu.h">
      <Filter>Header Files\Gui</Filter>
    </ClInclude>
    <ClInclude Include="Gui\GuiText.h">
      <Filter>Header Files\Gui</Filter>
    </ClInclude>
    <ClInclude Include="Gui\Gui.h">
      <Filter>Header Files\Gui</Filter>
    </ClInclude>
    <ClInclude Include="handle_menu.h">
      <Filter>Header Files</Filter>
    </ClInclude>
    <ClInclude Include="card.h">
      <Filter>Header Files\Hanabi</Filter>
    </ClInclude>
    <ClInclude Include="deck.h">
      <Filter>Header Files\Hanabi</Filter>
    </ClInclude>
    <ClInclude Include="handle_game.h">
      <Filter>Header Files</Filter>
    </ClInclude>
    <ClInclude Include="card_skin.h">
      <Filter>Header Files\Hanabi</Filter>
    </ClInclude>
    <ClInclude Include="hanabi_messages.h">
      <Filter>Header Files\Hanabi</Filter>
    </ClInclude>
  </ItemGroup>
  <ItemGroup>
    <None Include="packages.config" />
  </ItemGroup>
  <ItemGroup>
    <Font Include="font.ttf" />
  </ItemGroup>
</Project>